
Microsoft Visual Studio Solution File, Format Version 12.00
# Visual Studio Version 17
VisualStudioVersion = 17.2.32616.157
MinimumVisualStudioVersion = 10.0.40219.1
Project("{FAE04EC0-301F-11D3-BF4B-00C04F79EFBC}") = "ListTODOApp", "ListTODOApp\ListTODOApp.csproj", "{CF94B9BE-3D4E-4479-A715-95309FD8BB56}"
EndProject
Global
	GlobalSection(SolutionConfigurationPlatforms) = preSolution
		Debug|Any CPU = Debug|Any CPU
		Release|Any CPU = Release|Any CPU
	EndGlobalSection
	GlobalSection(ProjectConfigurationPlatforms) = postSolution
		{CF94B9BE-3D4E-4479-A715-95309FD8BB56}.Debug|Any CPU.ActiveCfg = Debug|Any CPU
		{CF94B9BE-3D4E-4479-A715-95309FD8BB56}.Debug|Any CPU.Build.0 = Debug|Any CPU
		{CF94B9BE-3D4E-4479-A715-95309FD8BB56}.Release|Any CPU.ActiveCfg = Release|Any CPU
		{CF94B9BE-3D4E-4479-A715-95309FD8BB56}.Release|Any CPU.Build.0 = Release|Any CPU
	EndGlobalSection
	GlobalSection(SolutionProperties) = preSolution
		HideSolutionNode = FALSE
	EndGlobalSection
	GlobalSection(ExtensibilityGlobals) = postSolution
		SolutionGuid = {B0338AD7-F161-47D9-B0A8-E630EC1615FC}
	EndGlobalSection
EndGlobal
